
Microsoft Visual Studio Solution File, Format Version 12.00
# Visual Studio 15
VisualStudioVersion = 15.0.28307.572
MinimumVisualStudioVersion = 10.0.40219.1
Project("{FAE04EC0-301F-11D3-BF4B-00C04F79EFBC}") = "Alerting", "Alerting\Alerting.csproj", "{D91C0F29-11D5-4B54-B2D7-63A229CEB639}"
EndProject
Global
	GlobalSection(SolutionConfigurationPlatforms) = preSolution
		Debug|Any CPU = Debug|Any CPU
		Release|Any CPU = Release|Any CPU
	EndGlobalSection
	GlobalSection(ProjectConfigurationPlatforms) = postSolution
		{D91C0F29-11D5-4B54-B2D7-63A229CEB639}.Debug|Any CPU.ActiveCfg = Debug|Any CPU
		{D91C0F29-11D5-4B54-B2D7-63A229CEB639}.Debug|Any CPU.Build.0 = Debug|Any CPU
		{D91C0F29-11D5-4B54-B2D7-63A229CEB639}.Release|Any CPU.ActiveCfg = Release|Any CPU
		{D91C0F29-11D5-4B54-B2D7-63A229CEB639}.Release|Any CPU.Build.0 = Release|Any CPU
	EndGlobalSection
	GlobalSection(SolutionProperties) = preSolution
		HideSolutionNode = FALSE
	EndGlobalSection
	GlobalSection(ExtensibilityGlobals) = postSolution
		SolutionGuid = {02CFB153-3A31-4BC3-9D94-EFC873B5B3B4}
	EndGlobalSection
EndGlobal
