
Microsoft Visual Studio Solution File, Format Version 12.00
# Visual Studio 15
VisualStudioVersion = 15.0.28307.572
MinimumVisualStudioVersion = 10.0.40219.1
Project("{FAE04EC0-301F-11D3-BF4B-00C04F79EFBC}") = "Alerting", "Alerting\Alerting.csproj", "{D91C0F29-11D5-4B54-B2D7-63A229CEB639}"
EndProject
Project("{FAE04EC0-301F-11D3-BF4B-00C04F79EFBC}") = "DataGenerator", "DataGenerator\DataGenerator.csproj", "{C16C9ED7-5130-40C7-8B1C-27F4C1106957}"
EndProject
Project("{FAE04EC0-301F-11D3-BF4B-00C04F79EFBC}") = "CheckParameter", "CheckParameter\CheckParameter.csproj", "{9D79FBDA-5FD8-494F-8DB1-4B82ECD5C221}"
EndProject
Project("{FAE04EC0-301F-11D3-BF4B-00C04F79EFBC}") = "JsonGenerator", "JsonGenerator\JsonGenerator.csproj", "{412EEE25-98FA-445A-9606-0C83BEB75341}"
EndProject
Project("{FAE04EC0-301F-11D3-BF4B-00C04F79EFBC}") = "SenderPipe", "SenderPipe\SenderPipe.csproj", "{CADB710A-E56F-4E8C-8C19-2BF4C6DCC495}"
EndProject
Project("{FAE04EC0-301F-11D3-BF4B-00C04F79EFBC}") = "RecieverPipe", "RecieverPipe\RecieverPipe.csproj", "{5C4E8AF7-6AE7-4D64-8FE9-02C123B170EC}"
	ProjectSection(ProjectDependencies) = postProject
		{CADB710A-E56F-4E8C-8C19-2BF4C6DCC495} = {CADB710A-E56F-4E8C-8C19-2BF4C6DCC495}
		{C16C9ED7-5130-40C7-8B1C-27F4C1106957} = {C16C9ED7-5130-40C7-8B1C-27F4C1106957}
	EndProjectSection
EndProject
Project("{FAE04EC0-301F-11D3-BF4B-00C04F79EFBC}") = "JsonGeneratorTest", "JsonGeneratorTest\JsonGeneratorTest.csproj", "{27AF0815-805B-4A9A-8530-37BCB9F84A9B}"
EndProject
Project("{FAE04EC0-301F-11D3-BF4B-00C04F79EFBC}") = "SenderPipeTest", "SenderPipeTest\SenderPipeTest.csproj", "{D38E72BC-E9E9-40F1-BC29-5D0176B2A2BB}"
EndProject
Project("{FAE04EC0-301F-11D3-BF4B-00C04F79EFBC}") = "RecieverPipeTest", "RecieverPipeTest\RecieverPipeTest.csproj", "{06848C8C-4452-4F93-8081-B6C6C2E868DB}"
EndProject
Project("{FAE04EC0-301F-11D3-BF4B-00C04F79EFBC}") = "CheckParameterTest", "CheckParameterTest\CheckParameterTest.csproj", "{E5E14711-D669-4939-B4E1-4C01E0A40C24}"
EndProject
Global
	GlobalSection(SolutionConfigurationPlatforms) = preSolution
		Debug|Any CPU = Debug|Any CPU
		Release|Any CPU = Release|Any CPU
	EndGlobalSection
	GlobalSection(ProjectConfigurationPlatforms) = postSolution
		{D91C0F29-11D5-4B54-B2D7-63A229CEB639}.Debug|Any CPU.ActiveCfg = Debug|Any CPU
		{D91C0F29-11D5-4B54-B2D7-63A229CEB639}.Debug|Any CPU.Build.0 = Debug|Any CPU
		{D91C0F29-11D5-4B54-B2D7-63A229CEB639}.Release|Any CPU.ActiveCfg = Release|Any CPU
		{D91C0F29-11D5-4B54-B2D7-63A229CEB639}.Release|Any CPU.Build.0 = Release|Any CPU
		{C16C9ED7-5130-40C7-8B1C-27F4C1106957}.Debug|Any CPU.ActiveCfg = Debug|Any CPU
		{C16C9ED7-5130-40C7-8B1C-27F4C1106957}.Debug|Any CPU.Build.0 = Debug|Any CPU
		{C16C9ED7-5130-40C7-8B1C-27F4C1106957}.Release|Any CPU.ActiveCfg = Release|Any CPU
		{C16C9ED7-5130-40C7-8B1C-27F4C1106957}.Release|Any CPU.Build.0 = Release|Any CPU
		{9D79FBDA-5FD8-494F-8DB1-4B82ECD5C221}.Debug|Any CPU.ActiveCfg = Debug|Any CPU
		{9D79FBDA-5FD8-494F-8DB1-4B82ECD5C221}.Debug|Any CPU.Build.0 = Debug|Any CPU
		{9D79FBDA-5FD8-494F-8DB1-4B82ECD5C221}.Release|Any CPU.ActiveCfg = Release|Any CPU
		{9D79FBDA-5FD8-494F-8DB1-4B82ECD5C221}.Release|Any CPU.Build.0 = Release|Any CPU
		{412EEE25-98FA-445A-9606-0C83BEB75341}.Debug|Any CPU.ActiveCfg = Debug|Any CPU
		{412EEE25-98FA-445A-9606-0C83BEB75341}.Debug|Any CPU.Build.0 = Debug|Any CPU
		{412EEE25-98FA-445A-9606-0C83BEB75341}.Release|Any CPU.ActiveCfg = Release|Any CPU
		{412EEE25-98FA-445A-9606-0C83BEB75341}.Release|Any CPU.Build.0 = Release|Any CPU
		{CADB710A-E56F-4E8C-8C19-2BF4C6DCC495}.Debug|Any CPU.ActiveCfg = Debug|Any CPU
		{CADB710A-E56F-4E8C-8C19-2BF4C6DCC495}.Debug|Any CPU.Build.0 = Debug|Any CPU
		{CADB710A-E56F-4E8C-8C19-2BF4C6DCC495}.Release|Any CPU.ActiveCfg = Release|Any CPU
		{CADB710A-E56F-4E8C-8C19-2BF4C6DCC495}.Release|Any CPU.Build.0 = Release|Any CPU
		{5C4E8AF7-6AE7-4D64-8FE9-02C123B170EC}.Debug|Any CPU.ActiveCfg = Debug|Any CPU
		{5C4E8AF7-6AE7-4D64-8FE9-02C123B170EC}.Debug|Any CPU.Build.0 = Debug|Any CPU
		{5C4E8AF7-6AE7-4D64-8FE9-02C123B170EC}.Release|Any CPU.ActiveCfg = Release|Any CPU
		{5C4E8AF7-6AE7-4D64-8FE9-02C123B170EC}.Release|Any CPU.Build.0 = Release|Any CPU
		{27AF0815-805B-4A9A-8530-37BCB9F84A9B}.Debug|Any CPU.ActiveCfg = Debug|Any CPU
		{27AF0815-805B-4A9A-8530-37BCB9F84A9B}.Debug|Any CPU.Build.0 = Debug|Any CPU
		{27AF0815-805B-4A9A-8530-37BCB9F84A9B}.Release|Any CPU.ActiveCfg = Release|Any CPU
		{27AF0815-805B-4A9A-8530-37BCB9F84A9B}.Release|Any CPU.Build.0 = Release|Any CPU
		{D38E72BC-E9E9-40F1-BC29-5D0176B2A2BB}.Debug|Any CPU.ActiveCfg = Debug|Any CPU
		{D38E72BC-E9E9-40F1-BC29-5D0176B2A2BB}.Debug|Any CPU.Build.0 = Debug|Any CPU
		{D38E72BC-E9E9-40F1-BC29-5D0176B2A2BB}.Release|Any CPU.ActiveCfg = Release|Any CPU
		{D38E72BC-E9E9-40F1-BC29-5D0176B2A2BB}.Release|Any CPU.Build.0 = Release|Any CPU
		{06848C8C-4452-4F93-8081-B6C6C2E868DB}.Debug|Any CPU.ActiveCfg = Debug|Any CPU
		{06848C8C-4452-4F93-8081-B6C6C2E868DB}.Debug|Any CPU.Build.0 = Debug|Any CPU
		{06848C8C-4452-4F93-8081-B6C6C2E868DB}.Release|Any CPU.ActiveCfg = Release|Any CPU
		{06848C8C-4452-4F93-8081-B6C6C2E868DB}.Release|Any CPU.Build.0 = Release|Any CPU
		{E5E14711-D669-4939-B4E1-4C01E0A40C24}.Debug|Any CPU.ActiveCfg = Debug|Any CPU
		{E5E14711-D669-4939-B4E1-4C01E0A40C24}.Debug|Any CPU.Build.0 = Debug|Any CPU
		{E5E14711-D669-4939-B4E1-4C01E0A40C24}.Release|Any CPU.ActiveCfg = Release|Any CPU
		{E5E14711-D669-4939-B4E1-4C01E0A40C24}.Release|Any CPU.Build.0 = Release|Any CPU
	EndGlobalSection
	GlobalSection(SolutionProperties) = preSolution
		HideSolutionNode = FALSE
	EndGlobalSection
	GlobalSection(ExtensibilityGlobals) = postSolution
		SolutionGuid = {02CFB153-3A31-4BC3-9D94-EFC873B5B3B4}
	EndGlobalSection
EndGlobal
