
Microsoft Visual Studio Solution File, Format Version 12.00
# Visual Studio 15
VisualStudioVersion = 15.0.28307.572
MinimumVisualStudioVersion = 10.0.40219.1
Project("{FAE04EC0-301F-11D3-BF4B-00C04F79EFBC}") = "DataGeneratorTests", "DataGeneratorTests.csproj", "{9B59AF28-50F4-41DC-B9E2-EAE5CFF8210B}"
EndProject
Global
	GlobalSection(SolutionConfigurationPlatforms) = preSolution
		Debug|Any CPU = Debug|Any CPU
		Release|Any CPU = Release|Any CPU
	EndGlobalSection
	GlobalSection(ProjectConfigurationPlatforms) = postSolution
		{9B59AF28-50F4-41DC-B9E2-EAE5CFF8210B}.Debug|Any CPU.ActiveCfg = Debug|Any CPU
		{9B59AF28-50F4-41DC-B9E2-EAE5CFF8210B}.Debug|Any CPU.Build.0 = Debug|Any CPU
		{9B59AF28-50F4-41DC-B9E2-EAE5CFF8210B}.Release|Any CPU.ActiveCfg = Release|Any CPU
		{9B59AF28-50F4-41DC-B9E2-EAE5CFF8210B}.Release|Any CPU.Build.0 = Release|Any CPU
	EndGlobalSection
	GlobalSection(SolutionProperties) = preSolution
		HideSolutionNode = FALSE
	EndGlobalSection
	GlobalSection(ExtensibilityGlobals) = postSolution
		SolutionGuid = {A5E536F8-14FD-401D-A198-D81DDDF81E9C}
	EndGlobalSection
EndGlobal
